
Microsoft Visual Studio Solution File, Format Version 11.00
# Visual Studio 2010
Project("{8BC9CEB8-8B4A-11D0-8D11-00A0C91BC942}") = "gdiplus", "gdiplus.vcxproj", "{D1F7FF89-76A4-C8B2-2607-3322AF7A95DE}"
EndProject
Global
	GlobalSection(SolutionConfigurationPlatforms) = preSolution
		Debug|Win32 = Debug|Win32
		Release|Win32 = Release|Win32
	EndGlobalSection
	GlobalSection(ProjectConfigurationPlatforms) = postSolution
		{D1F7FF89-76A4-C8B2-2607-3322AF7A95DE}.Debug|Win32.ActiveCfg = Debug|Win32
		{D1F7FF89-76A4-C8B2-2607-3322AF7A95DE}.Debug|Win32.Build.0 = Debug|Win32
		{D1F7FF89-76A4-C8B2-2607-3322AF7A95DE}.Release|Win32.ActiveCfg = Release|Win32
		{D1F7FF89-76A4-C8B2-2607-3322AF7A95DE}.Release|Win32.Build.0 = Release|Win32
	EndGlobalSection
	GlobalSection(SolutionProperties) = preSolution
		HideSolutionNode = FALSE
	EndGlobalSection
EndGlobal
